// !$*UTF8*$!
{
	archiveVersion = 1;
	classes = {
	};
	objectVersion = 56;
	objects = {

/* Begin PBXBuildFile section */
		860EF569295FB032003E7E53 /* NoDataPlaceholderView.swift in Sources */ = {isa = PBXBuildFile; fileRef = 860EF568295FB032003E7E53 /* NoDataPlaceholderView.swift */; };
		860EF56B295FB1CD003E7E53 /* RetryView.swift in Sources */ = {isa = PBXBuildFile; fileRef = 860EF56A295FB1CD003E7E53 /* RetryView.swift */; };
		867509F7294F36ED003AF8F7 /* News.swift in Sources */ = {isa = PBXBuildFile; fileRef = 867509F6294F36ED003AF8F7 /* News.swift */; };
		868CB0A429414E88001F1B03 /* GoAroundNewsAppApp.swift in Sources */ = {isa = PBXBuildFile; fileRef = 868CB0A329414E88001F1B03 /* GoAroundNewsAppApp.swift */; };
		868CB0A629414E88001F1B03 /* ContentView.swift in Sources */ = {isa = PBXBuildFile; fileRef = 868CB0A529414E88001F1B03 /* ContentView.swift */; };
		868CB0A829414E92001F1B03 /* Assets.xcassets in Resources */ = {isa = PBXBuildFile; fileRef = 868CB0A729414E92001F1B03 /* Assets.xcassets */; };
		868CB0AB29414E92001F1B03 /* Preview Assets.xcassets in Resources */ = {isa = PBXBuildFile; fileRef = 868CB0AA29414E92001F1B03 /* Preview Assets.xcassets */; };
		868CB0B529414E93001F1B03 /* EmailValidationTests.swift in Sources */ = {isa = PBXBuildFile; fileRef = 868CB0B429414E93001F1B03 /* EmailValidationTests.swift */; };
		868CB0CE29415061001F1B03 /* LoginView.swift in Sources */ = {isa = PBXBuildFile; fileRef = 868CB0CD29415060001F1B03 /* LoginView.swift */; };
		868CB0D0294150BF001F1B03 /* FormFieldView.swift in Sources */ = {isa = PBXBuildFile; fileRef = 868CB0CF294150BF001F1B03 /* FormFieldView.swift */; };
		868CB0D229415156001F1B03 /* SolidButton.swift in Sources */ = {isa = PBXBuildFile; fileRef = 868CB0D129415156001F1B03 /* SolidButton.swift */; };
		868CB0D4294151BF001F1B03 /* ColorSet.swift in Sources */ = {isa = PBXBuildFile; fileRef = 868CB0D3294151BF001F1B03 /* ColorSet.swift */; };
		868CB0D6294151E8001F1B03 /* LoginViewModel.swift in Sources */ = {isa = PBXBuildFile; fileRef = 868CB0D5294151E8001F1B03 /* LoginViewModel.swift */; };
		868CB0D829422392001F1B03 /* String+extension.swift in Sources */ = {isa = PBXBuildFile; fileRef = 868CB0D729422392001F1B03 /* String+extension.swift */; };
		868CB0DB29423947001F1B03 /* Alamofire in Frameworks */ = {isa = PBXBuildFile; productRef = 868CB0DA29423947001F1B03 /* Alamofire */; };
		868CB0E2294239ED001F1B03 /* API.swift in Sources */ = {isa = PBXBuildFile; fileRef = 868CB0E1294239ED001F1B03 /* API.swift */; };
		868CB0E4294239FB001F1B03 /* AppEnvironment.swift in Sources */ = {isa = PBXBuildFile; fileRef = 868CB0E3294239FB001F1B03 /* AppEnvironment.swift */; };
		868CB0E629423A0B001F1B03 /* NetworkService.swift in Sources */ = {isa = PBXBuildFile; fileRef = 868CB0E529423A0B001F1B03 /* NetworkService.swift */; };
		868CB0E829423A1E001F1B03 /* URLRequestBuilder.swift in Sources */ = {isa = PBXBuildFile; fileRef = 868CB0E729423A1E001F1B03 /* URLRequestBuilder.swift */; };
		868CB0EB29423E46001F1B03 /* User.swift in Sources */ = {isa = PBXBuildFile; fileRef = 868CB0EA29423E46001F1B03 /* User.swift */; };
		868CB0ED29423EDC001F1B03 /* SuccessResponse.swift in Sources */ = {isa = PBXBuildFile; fileRef = 868CB0EC29423EDC001F1B03 /* SuccessResponse.swift */; };
		868CB0EF29423EE7001F1B03 /* FailureResponse.swift in Sources */ = {isa = PBXBuildFile; fileRef = 868CB0EE29423EE7001F1B03 /* FailureResponse.swift */; };
		868CB0F12942565B001F1B03 /* Credential.swift in Sources */ = {isa = PBXBuildFile; fileRef = 868CB0F02942565B001F1B03 /* Credential.swift */; };
		868CB0F529434C81001F1B03 /* LoadingAnimationView.swift in Sources */ = {isa = PBXBuildFile; fileRef = 868CB0F429434C81001F1B03 /* LoadingAnimationView.swift */; };
		86B8F40A2953ABB900BE5DFA /* CountryListView.swift in Sources */ = {isa = PBXBuildFile; fileRef = 86B8F4092953ABB900BE5DFA /* CountryListView.swift */; };
		86B8F40C2953ABDD00BE5DFA /* SearchBarView.swift in Sources */ = {isa = PBXBuildFile; fileRef = 86B8F40B2953ABDD00BE5DFA /* SearchBarView.swift */; };
		86B8F40E2953AC0300BE5DFA /* CategoryView.swift in Sources */ = {isa = PBXBuildFile; fileRef = 86B8F40D2953AC0300BE5DFA /* CategoryView.swift */; };
		86B8F4102953AC2E00BE5DFA /* TitleBarView.swift in Sources */ = {isa = PBXBuildFile; fileRef = 86B8F40F2953AC2E00BE5DFA /* TitleBarView.swift */; };
		86B8F4122953B56600BE5DFA /* NewsCategory.swift in Sources */ = {isa = PBXBuildFile; fileRef = 86B8F4112953B56600BE5DFA /* NewsCategory.swift */; };
		86B8F4142953B57C00BE5DFA /* NewsCountry.swift in Sources */ = {isa = PBXBuildFile; fileRef = 86B8F4132953B57C00BE5DFA /* NewsCountry.swift */; };
		86B8F4192953B66000BE5DFA /* NewsRowView.swift in Sources */ = {isa = PBXBuildFile; fileRef = 86B8F4182953B65F00BE5DFA /* NewsRowView.swift */; };
		86B8F41F2954D75E00BE5DFA /* SafariView.swift in Sources */ = {isa = PBXBuildFile; fileRef = 86B8F41E2954D75E00BE5DFA /* SafariView.swift */; };
		86B8F4212954E20200BE5DFA /* BottomTabBarView.swift in Sources */ = {isa = PBXBuildFile; fileRef = 86B8F4202954E20200BE5DFA /* BottomTabBarView.swift */; };
		86B8F4232954E27900BE5DFA /* ProfileView.swift in Sources */ = {isa = PBXBuildFile; fileRef = 86B8F4222954E27900BE5DFA /* ProfileView.swift */; };
		86B8F4252954E28E00BE5DFA /* BookmarkView.swift in Sources */ = {isa = PBXBuildFile; fileRef = 86B8F4242954E28D00BE5DFA /* BookmarkView.swift */; };
		86B8F4282954F15400BE5DFA /* SearchNewsView.swift in Sources */ = {isa = PBXBuildFile; fileRef = 86B8F4272954F15400BE5DFA /* SearchNewsView.swift */; };
		86BBC9542943EDB300D2E51E /* ViewState.swift in Sources */ = {isa = PBXBuildFile; fileRef = 86BBC9532943EDB300D2E51E /* ViewState.swift */; };
		86BBC9562943F51A00D2E51E /* LocalStorage.swift in Sources */ = {isa = PBXBuildFile; fileRef = 86BBC9552943F51A00D2E51E /* LocalStorage.swift */; };
		86BBC9582943F69400D2E51E /* Auth.swift in Sources */ = {isa = PBXBuildFile; fileRef = 86BBC9572943F69400D2E51E /* Auth.swift */; };
		86BBC95A2944B4AF00D2E51E /* LoginValidationTests.swift in Sources */ = {isa = PBXBuildFile; fileRef = 86BBC9592944B4AF00D2E51E /* LoginValidationTests.swift */; };
		86BBC95F2944B59800D2E51E /* MockNetworkService.swift in Sources */ = {isa = PBXBuildFile; fileRef = 86BBC95E2944B59800D2E51E /* MockNetworkService.swift */; };
		86BBC9612944B6E400D2E51E /* OneTimeLoginTests.swift in Sources */ = {isa = PBXBuildFile; fileRef = 86BBC9602944B6E400D2E51E /* OneTimeLoginTests.swift */; };
		86BBC9632944B85400D2E51E /* LoginAPITests.swift in Sources */ = {isa = PBXBuildFile; fileRef = 86BBC9622944B85400D2E51E /* LoginAPITests.swift */; };
		86BBC9652947A1CA00D2E51E /* SignupView.swift in Sources */ = {isa = PBXBuildFile; fileRef = 86BBC9642947A1CA00D2E51E /* SignupView.swift */; };
		86BBC9672947A5A100D2E51E /* SignUpViewModel.swift in Sources */ = {isa = PBXBuildFile; fileRef = 86BBC9662947A5A100D2E51E /* SignUpViewModel.swift */; };
		86BBC96929490D4B00D2E51E /* NewsView.swift in Sources */ = {isa = PBXBuildFile; fileRef = 86BBC96829490D4B00D2E51E /* NewsView.swift */; };
		86BBC96D294BD72C00D2E51E /* NewsViewModel.swift in Sources */ = {isa = PBXBuildFile; fileRef = 86BBC96C294BD72C00D2E51E /* NewsViewModel.swift */; };
		86C1340E2943D890004E5C2B /* ServiceError.swift in Sources */ = {isa = PBXBuildFile; fileRef = 86C1340D2943D890004E5C2B /* ServiceError.swift */; };
		86EFF73529579D3C002FD8A8 /* ChangePasswordView.swift in Sources */ = {isa = PBXBuildFile; fileRef = 86EFF73429579D3C002FD8A8 /* ChangePasswordView.swift */; };
		86EFF73729579E00002FD8A8 /* ProfileViewModel.swift in Sources */ = {isa = PBXBuildFile; fileRef = 86EFF73629579E00002FD8A8 /* ProfileViewModel.swift */; };
		86EFF739295E192A002FD8A8 /* View+extension.swift in Sources */ = {isa = PBXBuildFile; fileRef = 86EFF738295E1929002FD8A8 /* View+extension.swift */; };
		86EFF73B295E2363002FD8A8 /* Datastore.swift in Sources */ = {isa = PBXBuildFile; fileRef = 86EFF73A295E2363002FD8A8 /* Datastore.swift */; };
/* End PBXBuildFile section */

/* Begin PBXContainerItemProxy section */
		868CB0B129414E93001F1B03 /* PBXContainerItemProxy */ = {
			isa = PBXContainerItemProxy;
			containerPortal = 868CB09829414E88001F1B03 /* Project object */;
			proxyType = 1;
			remoteGlobalIDString = 868CB09F29414E88001F1B03;
			remoteInfo = GoAroundNewsApp;
		};
/* End PBXContainerItemProxy section */

/* Begin PBXFileReference section */
		860EF568295FB032003E7E53 /* NoDataPlaceholderView.swift */ = {isa = PBXFileReference; lastKnownFileType = sourcecode.swift; path = NoDataPlaceholderView.swift; sourceTree = "<group>"; };
		860EF56A295FB1CD003E7E53 /* RetryView.swift */ = {isa = PBXFileReference; lastKnownFileType = sourcecode.swift; path = RetryView.swift; sourceTree = "<group>"; };
		867509F6294F36ED003AF8F7 /* News.swift */ = {isa = PBXFileReference; lastKnownFileType = sourcecode.swift; path = News.swift; sourceTree = "<group>"; };
		868CB0A029414E88001F1B03 /* GoAroundNewsApp.app */ = {isa = PBXFileReference; explicitFileType = wrapper.application; includeInIndex = 0; path = GoAroundNewsApp.app; sourceTree = BUILT_PRODUCTS_DIR; };
		868CB0A329414E88001F1B03 /* GoAroundNewsAppApp.swift */ = {isa = PBXFileReference; lastKnownFileType = sourcecode.swift; path = GoAroundNewsAppApp.swift; sourceTree = "<group>"; };
		868CB0A529414E88001F1B03 /* ContentView.swift */ = {isa = PBXFileReference; lastKnownFileType = sourcecode.swift; path = ContentView.swift; sourceTree = "<group>"; };
		868CB0A729414E92001F1B03 /* Assets.xcassets */ = {isa = PBXFileReference; lastKnownFileType = folder.assetcatalog; path = Assets.xcassets; sourceTree = "<group>"; };
		868CB0AA29414E92001F1B03 /* Preview Assets.xcassets */ = {isa = PBXFileReference; lastKnownFileType = folder.assetcatalog; path = "Preview Assets.xcassets"; sourceTree = "<group>"; };
		868CB0B029414E93001F1B03 /* GoAroundNewsAppTests.xctest */ = {isa = PBXFileReference; explicitFileType = wrapper.cfbundle; includeInIndex = 0; path = GoAroundNewsAppTests.xctest; sourceTree = BUILT_PRODUCTS_DIR; };
		868CB0B429414E93001F1B03 /* EmailValidationTests.swift */ = {isa = PBXFileReference; lastKnownFileType = sourcecode.swift; path = EmailValidationTests.swift; sourceTree = "<group>"; };
		868CB0CD29415060001F1B03 /* LoginView.swift */ = {isa = PBXFileReference; lastKnownFileType = sourcecode.swift; path = LoginView.swift; sourceTree = "<group>"; };
		868CB0CF294150BF001F1B03 /* FormFieldView.swift */ = {isa = PBXFileReference; lastKnownFileType = sourcecode.swift; path = FormFieldView.swift; sourceTree = "<group>"; };
		868CB0D129415156001F1B03 /* SolidButton.swift */ = {isa = PBXFileReference; lastKnownFileType = sourcecode.swift; path = SolidButton.swift; sourceTree = "<group>"; };
		868CB0D3294151BF001F1B03 /* ColorSet.swift */ = {isa = PBXFileReference; lastKnownFileType = sourcecode.swift; path = ColorSet.swift; sourceTree = "<group>"; };
		868CB0D5294151E8001F1B03 /* LoginViewModel.swift */ = {isa = PBXFileReference; lastKnownFileType = sourcecode.swift; path = LoginViewModel.swift; sourceTree = "<group>"; };
		868CB0D729422392001F1B03 /* String+extension.swift */ = {isa = PBXFileReference; lastKnownFileType = sourcecode.swift; path = "String+extension.swift"; sourceTree = "<group>"; };
		868CB0E1294239ED001F1B03 /* API.swift */ = {isa = PBXFileReference; lastKnownFileType = sourcecode.swift; path = API.swift; sourceTree = "<group>"; };
		868CB0E3294239FB001F1B03 /* AppEnvironment.swift */ = {isa = PBXFileReference; lastKnownFileType = sourcecode.swift; path = AppEnvironment.swift; sourceTree = "<group>"; };
		868CB0E529423A0B001F1B03 /* NetworkService.swift */ = {isa = PBXFileReference; lastKnownFileType = sourcecode.swift; path = NetworkService.swift; sourceTree = "<group>"; };
		868CB0E729423A1E001F1B03 /* URLRequestBuilder.swift */ = {isa = PBXFileReference; lastKnownFileType = sourcecode.swift; path = URLRequestBuilder.swift; sourceTree = "<group>"; };
		868CB0EA29423E46001F1B03 /* User.swift */ = {isa = PBXFileReference; lastKnownFileType = sourcecode.swift; path = User.swift; sourceTree = "<group>"; };
		868CB0EC29423EDC001F1B03 /* SuccessResponse.swift */ = {isa = PBXFileReference; lastKnownFileType = sourcecode.swift; path = SuccessResponse.swift; sourceTree = "<group>"; };
		868CB0EE29423EE7001F1B03 /* FailureResponse.swift */ = {isa = PBXFileReference; lastKnownFileType = sourcecode.swift; path = FailureResponse.swift; sourceTree = "<group>"; };
		868CB0F02942565B001F1B03 /* Credential.swift */ = {isa = PBXFileReference; lastKnownFileType = sourcecode.swift; path = Credential.swift; sourceTree = "<group>"; };
		868CB0F429434C81001F1B03 /* LoadingAnimationView.swift */ = {isa = PBXFileReference; lastKnownFileType = sourcecode.swift; path = LoadingAnimationView.swift; sourceTree = "<group>"; };
		86B8F4092953ABB900BE5DFA /* CountryListView.swift */ = {isa = PBXFileReference; lastKnownFileType = sourcecode.swift; path = CountryListView.swift; sourceTree = "<group>"; };
		86B8F40B2953ABDD00BE5DFA /* SearchBarView.swift */ = {isa = PBXFileReference; lastKnownFileType = sourcecode.swift; path = SearchBarView.swift; sourceTree = "<group>"; };
		86B8F40D2953AC0300BE5DFA /* CategoryView.swift */ = {isa = PBXFileReference; lastKnownFileType = sourcecode.swift; path = CategoryView.swift; sourceTree = "<group>"; };
		86B8F40F2953AC2E00BE5DFA /* TitleBarView.swift */ = {isa = PBXFileReference; lastKnownFileType = sourcecode.swift; path = TitleBarView.swift; sourceTree = "<group>"; };
		86B8F4112953B56600BE5DFA /* NewsCategory.swift */ = {isa = PBXFileReference; lastKnownFileType = sourcecode.swift; path = NewsCategory.swift; sourceTree = "<group>"; };
		86B8F4132953B57C00BE5DFA /* NewsCountry.swift */ = {isa = PBXFileReference; lastKnownFileType = sourcecode.swift; path = NewsCountry.swift; sourceTree = "<group>"; };
		86B8F4182953B65F00BE5DFA /* NewsRowView.swift */ = {isa = PBXFileReference; lastKnownFileType = sourcecode.swift; path = NewsRowView.swift; sourceTree = "<group>"; };
		86B8F41E2954D75E00BE5DFA /* SafariView.swift */ = {isa = PBXFileReference; lastKnownFileType = sourcecode.swift; path = SafariView.swift; sourceTree = "<group>"; };
		86B8F4202954E20200BE5DFA /* BottomTabBarView.swift */ = {isa = PBXFileReference; lastKnownFileType = sourcecode.swift; path = BottomTabBarView.swift; sourceTree = "<group>"; };
		86B8F4222954E27900BE5DFA /* ProfileView.swift */ = {isa = PBXFileReference; lastKnownFileType = sourcecode.swift; path = ProfileView.swift; sourceTree = "<group>"; };
		86B8F4242954E28D00BE5DFA /* BookmarkView.swift */ = {isa = PBXFileReference; lastKnownFileType = sourcecode.swift; path = BookmarkView.swift; sourceTree = "<group>"; };
		86B8F4262954EFBD00BE5DFA /* Info.plist */ = {isa = PBXFileReference; lastKnownFileType = text.plist; path = Info.plist; sourceTree = "<group>"; };
		86B8F4272954F15400BE5DFA /* SearchNewsView.swift */ = {isa = PBXFileReference; lastKnownFileType = sourcecode.swift; path = SearchNewsView.swift; sourceTree = "<group>"; };
		86BBC9532943EDB300D2E51E /* ViewState.swift */ = {isa = PBXFileReference; lastKnownFileType = sourcecode.swift; path = ViewState.swift; sourceTree = "<group>"; };
		86BBC9552943F51A00D2E51E /* LocalStorage.swift */ = {isa = PBXFileReference; lastKnownFileType = sourcecode.swift; path = LocalStorage.swift; sourceTree = "<group>"; };
		86BBC9572943F69400D2E51E /* Auth.swift */ = {isa = PBXFileReference; lastKnownFileType = sourcecode.swift; path = Auth.swift; sourceTree = "<group>"; };
		86BBC9592944B4AF00D2E51E /* LoginValidationTests.swift */ = {isa = PBXFileReference; lastKnownFileType = sourcecode.swift; path = LoginValidationTests.swift; sourceTree = "<group>"; };
		86BBC95E2944B59800D2E51E /* MockNetworkService.swift */ = {isa = PBXFileReference; lastKnownFileType = sourcecode.swift; path = MockNetworkService.swift; sourceTree = "<group>"; };
		86BBC9602944B6E400D2E51E /* OneTimeLoginTests.swift */ = {isa = PBXFileReference; lastKnownFileType = sourcecode.swift; path = OneTimeLoginTests.swift; sourceTree = "<group>"; };
		86BBC9622944B85400D2E51E /* LoginAPITests.swift */ = {isa = PBXFileReference; lastKnownFileType = sourcecode.swift; path = LoginAPITests.swift; sourceTree = "<group>"; };
		86BBC9642947A1CA00D2E51E /* SignupView.swift */ = {isa = PBXFileReference; lastKnownFileType = sourcecode.swift; path = SignupView.swift; sourceTree = "<group>"; };
		86BBC9662947A5A100D2E51E /* SignUpViewModel.swift */ = {isa = PBXFileReference; lastKnownFileType = sourcecode.swift; path = SignUpViewModel.swift; sourceTree = "<group>"; };
		86BBC96829490D4B00D2E51E /* NewsView.swift */ = {isa = PBXFileReference; lastKnownFileType = sourcecode.swift; path = NewsView.swift; sourceTree = "<group>"; };
		86BBC96C294BD72C00D2E51E /* NewsViewModel.swift */ = {isa = PBXFileReference; lastKnownFileType = sourcecode.swift; path = NewsViewModel.swift; sourceTree = "<group>"; };
		86C1340D2943D890004E5C2B /* ServiceError.swift */ = {isa = PBXFileReference; lastKnownFileType = sourcecode.swift; path = ServiceError.swift; sourceTree = "<group>"; };
		86EFF73429579D3C002FD8A8 /* ChangePasswordView.swift */ = {isa = PBXFileReference; lastKnownFileType = sourcecode.swift; path = ChangePasswordView.swift; sourceTree = "<group>"; };
		86EFF73629579E00002FD8A8 /* ProfileViewModel.swift */ = {isa = PBXFileReference; lastKnownFileType = sourcecode.swift; path = ProfileViewModel.swift; sourceTree = "<group>"; };
		86EFF738295E1929002FD8A8 /* View+extension.swift */ = {isa = PBXFileReference; lastKnownFileType = sourcecode.swift; path = "View+extension.swift"; sourceTree = "<group>"; };
		86EFF73A295E2363002FD8A8 /* Datastore.swift */ = {isa = PBXFileReference; lastKnownFileType = sourcecode.swift; path = Datastore.swift; sourceTree = "<group>"; };
/* End PBXFileReference section */

/* Begin PBXFrameworksBuildPhase section */
		868CB09D29414E88001F1B03 /* Frameworks */ = {
			isa = PBXFrameworksBuildPhase;
			buildActionMask = 2147483647;
			files = (
				868CB0DB29423947001F1B03 /* Alamofire in Frameworks */,
			);
			runOnlyForDeploymentPostprocessing = 0;
		};
		868CB0AD29414E93001F1B03 /* Frameworks */ = {
			isa = PBXFrameworksBuildPhase;
			buildActionMask = 2147483647;
			files = (
			);
			runOnlyForDeploymentPostprocessing = 0;
		};
/* End PBXFrameworksBuildPhase section */

/* Begin PBXGroup section */
		868CB09729414E88001F1B03 = {
			isa = PBXGroup;
			children = (
				868CB0A229414E88001F1B03 /* GoAroundNewsApp */,
				868CB0B329414E93001F1B03 /* GoAroundNewsAppTests */,
				868CB0A129414E88001F1B03 /* Products */,
			);
			sourceTree = "<group>";
		};
		868CB0A129414E88001F1B03 /* Products */ = {
			isa = PBXGroup;
			children = (
				868CB0A029414E88001F1B03 /* GoAroundNewsApp.app */,
				868CB0B029414E93001F1B03 /* GoAroundNewsAppTests.xctest */,
			);
			name = Products;
			sourceTree = "<group>";
		};
		868CB0A229414E88001F1B03 /* GoAroundNewsApp */ = {
			isa = PBXGroup;
			children = (
				86B8F4262954EFBD00BE5DFA /* Info.plist */,
				868CB0A329414E88001F1B03 /* GoAroundNewsAppApp.swift */,
				86BBC9522943EDA200D2E51E /* Enums */,
				868CB0E929423E3B001F1B03 /* Model */,
				868CB0E0294239D6001F1B03 /* NetworkLayer */,
				868CB0DF29423998001F1B03 /* ViewModel */,
				868CB0DE2942398D001F1B03 /* Extension */,
				868CB0DD2942397C001F1B03 /* Helper */,
				868CB0DC2942395B001F1B03 /* Views */,
				868CB0A729414E92001F1B03 /* Assets.xcassets */,
				868CB0A929414E92001F1B03 /* Preview Content */,
			);
			path = GoAroundNewsApp;
			sourceTree = "<group>";
		};
		868CB0A929414E92001F1B03 /* Preview Content */ = {
			isa = PBXGroup;
			children = (
				868CB0AA29414E92001F1B03 /* Preview Assets.xcassets */,
			);
			path = "Preview Content";
			sourceTree = "<group>";
		};
		868CB0B329414E93001F1B03 /* GoAroundNewsAppTests */ = {
			isa = PBXGroup;
			children = (
				868CB0B429414E93001F1B03 /* EmailValidationTests.swift */,
				86BBC9592944B4AF00D2E51E /* LoginValidationTests.swift */,
				86BBC95E2944B59800D2E51E /* MockNetworkService.swift */,
				86BBC9602944B6E400D2E51E /* OneTimeLoginTests.swift */,
				86BBC9622944B85400D2E51E /* LoginAPITests.swift */,
			);
			path = GoAroundNewsAppTests;
			sourceTree = "<group>";
		};
		868CB0DC2942395B001F1B03 /* Views */ = {
			isa = PBXGroup;
			children = (
				868CB0A529414E88001F1B03 /* ContentView.swift */,
				86B8F4202954E20200BE5DFA /* BottomTabBarView.swift */,
				86EFF73129572239002FD8A8 /* BookmarkPage */,
				86EFF73029572233002FD8A8 /* ProfilePage */,
				86EFF72F2957221E002FD8A8 /* SearchPage */,
				86B8F41D2954D74700BE5DFA /* NewsDetail */,
				86B8F4162953B5F900BE5DFA /* AuthPage */,
				86B8F4152953B5D800BE5DFA /* Homepage */,
				86B8F4172953B60C00BE5DFA /* Loader */,
			);
			path = Views;
			sourceTree = "<group>";
		};
		868CB0DD2942397C001F1B03 /* Helper */ = {
			isa = PBXGroup;
			children = (
				868CB0D129415156001F1B03 /* SolidButton.swift */,
				868CB0D3294151BF001F1B03 /* ColorSet.swift */,
				86BBC9552943F51A00D2E51E /* LocalStorage.swift */,
			);
			path = Helper;
			sourceTree = "<group>";
		};
		868CB0DE2942398D001F1B03 /* Extension */ = {
			isa = PBXGroup;
			children = (
				868CB0D729422392001F1B03 /* String+extension.swift */,
				86EFF738295E1929002FD8A8 /* View+extension.swift */,
			);
			path = Extension;
			sourceTree = "<group>";
		};
		868CB0DF29423998001F1B03 /* ViewModel */ = {
			isa = PBXGroup;
			children = (
				868CB0D5294151E8001F1B03 /* LoginViewModel.swift */,
				86BBC9662947A5A100D2E51E /* SignUpViewModel.swift */,
				86BBC96C294BD72C00D2E51E /* NewsViewModel.swift */,
				86EFF73629579E00002FD8A8 /* ProfileViewModel.swift */,
				86EFF73A295E2363002FD8A8 /* Datastore.swift */,
			);
			path = ViewModel;
			sourceTree = "<group>";
		};
		868CB0E0294239D6001F1B03 /* NetworkLayer */ = {
			isa = PBXGroup;
			children = (
				868CB0E1294239ED001F1B03 /* API.swift */,
				868CB0E729423A1E001F1B03 /* URLRequestBuilder.swift */,
				868CB0E3294239FB001F1B03 /* AppEnvironment.swift */,
				868CB0E529423A0B001F1B03 /* NetworkService.swift */,
				868CB0EC29423EDC001F1B03 /* SuccessResponse.swift */,
				868CB0EE29423EE7001F1B03 /* FailureResponse.swift */,
				86C1340D2943D890004E5C2B /* ServiceError.swift */,
			);
			path = NetworkLayer;
			sourceTree = "<group>";
		};
		868CB0E929423E3B001F1B03 /* Model */ = {
			isa = PBXGroup;
			children = (
				86BBC9572943F69400D2E51E /* Auth.swift */,
				868CB0EA29423E46001F1B03 /* User.swift */,
				868CB0F02942565B001F1B03 /* Credential.swift */,
				867509F6294F36ED003AF8F7 /* News.swift */,
			);
			path = Model;
			sourceTree = "<group>";
		};
		86B8F4152953B5D800BE5DFA /* Homepage */ = {
			isa = PBXGroup;
			children = (
				86BBC96829490D4B00D2E51E /* NewsView.swift */,
				86B8F4182953B65F00BE5DFA /* NewsRowView.swift */,
				86B8F40F2953AC2E00BE5DFA /* TitleBarView.swift */,
				86B8F40B2953ABDD00BE5DFA /* SearchBarView.swift */,
				86B8F4092953ABB900BE5DFA /* CountryListView.swift */,
				86B8F40D2953AC0300BE5DFA /* CategoryView.swift */,
			);
			path = Homepage;
			sourceTree = "<group>";
		};
		86B8F4162953B5F900BE5DFA /* AuthPage */ = {
			isa = PBXGroup;
			children = (
				868CB0CD29415060001F1B03 /* LoginView.swift */,
				86BBC9642947A1CA00D2E51E /* SignupView.swift */,
				868CB0CF294150BF001F1B03 /* FormFieldView.swift */,
			);
			path = AuthPage;
			sourceTree = "<group>";
		};
		86B8F4172953B60C00BE5DFA /* Loader */ = {
			isa = PBXGroup;
			children = (
				868CB0F429434C81001F1B03 /* LoadingAnimationView.swift */,
				860EF568295FB032003E7E53 /* NoDataPlaceholderView.swift */,
				860EF56A295FB1CD003E7E53 /* RetryView.swift */,
			);
			path = Loader;
			sourceTree = "<group>";
		};
		86B8F41D2954D74700BE5DFA /* NewsDetail */ = {
			isa = PBXGroup;
			children = (
				86B8F41E2954D75E00BE5DFA /* SafariView.swift */,
			);
			path = NewsDetail;
			sourceTree = "<group>";
		};
		86BBC9522943EDA200D2E51E /* Enums */ = {
			isa = PBXGroup;
			children = (
				86BBC9532943EDB300D2E51E /* ViewState.swift */,
				86B8F4112953B56600BE5DFA /* NewsCategory.swift */,
				86B8F4132953B57C00BE5DFA /* NewsCountry.swift */,
			);
			path = Enums;
			sourceTree = "<group>";
		};
		86EFF72F2957221E002FD8A8 /* SearchPage */ = {
			isa = PBXGroup;
			children = (
				86B8F4272954F15400BE5DFA /* SearchNewsView.swift */,
			);
			path = SearchPage;
			sourceTree = "<group>";
		};
		86EFF73029572233002FD8A8 /* ProfilePage */ = {
			isa = PBXGroup;
			children = (
				86B8F4222954E27900BE5DFA /* ProfileView.swift */,
				86EFF73429579D3C002FD8A8 /* ChangePasswordView.swift */,
			);
			path = ProfilePage;
			sourceTree = "<group>";
		};
		86EFF73129572239002FD8A8 /* BookmarkPage */ = {
			isa = PBXGroup;
			children = (
				86B8F4242954E28D00BE5DFA /* BookmarkView.swift */,
			);
			path = BookmarkPage;
			sourceTree = "<group>";
		};
/* End PBXGroup section */

/* Begin PBXNativeTarget section */
		868CB09F29414E88001F1B03 /* GoAroundNewsApp */ = {
			isa = PBXNativeTarget;
			buildConfigurationList = 868CB0C429414E93001F1B03 /* Build configuration list for PBXNativeTarget "GoAroundNewsApp" */;
			buildPhases = (
				868CB09C29414E88001F1B03 /* Sources */,
				868CB09D29414E88001F1B03 /* Frameworks */,
				868CB09E29414E88001F1B03 /* Resources */,
			);
			buildRules = (
			);
			dependencies = (
			);
			name = GoAroundNewsApp;
			packageProductDependencies = (
				868CB0DA29423947001F1B03 /* Alamofire */,
			);
			productName = GoAroundNewsApp;
			productReference = 868CB0A029414E88001F1B03 /* GoAroundNewsApp.app */;
			productType = "com.apple.product-type.application";
		};
		868CB0AF29414E93001F1B03 /* GoAroundNewsAppTests */ = {
			isa = PBXNativeTarget;
			buildConfigurationList = 868CB0C729414E93001F1B03 /* Build configuration list for PBXNativeTarget "GoAroundNewsAppTests" */;
			buildPhases = (
				868CB0AC29414E93001F1B03 /* Sources */,
				868CB0AD29414E93001F1B03 /* Frameworks */,
				868CB0AE29414E93001F1B03 /* Resources */,
			);
			buildRules = (
			);
			dependencies = (
				868CB0B229414E93001F1B03 /* PBXTargetDependency */,
			);
			name = GoAroundNewsAppTests;
			productName = GoAroundNewsAppTests;
			productReference = 868CB0B029414E93001F1B03 /* GoAroundNewsAppTests.xctest */;
			productType = "com.apple.product-type.bundle.unit-test";
		};
/* End PBXNativeTarget section */

/* Begin PBXProject section */
		868CB09829414E88001F1B03 /* Project object */ = {
			isa = PBXProject;
			attributes = {
				BuildIndependentTargetsInParallel = 1;
				LastSwiftUpdateCheck = 1410;
				LastUpgradeCheck = 1410;
				TargetAttributes = {
					868CB09F29414E88001F1B03 = {
						CreatedOnToolsVersion = 14.1;
					};
					868CB0AF29414E93001F1B03 = {
						CreatedOnToolsVersion = 14.1;
						TestTargetID = 868CB09F29414E88001F1B03;
					};
				};
			};
			buildConfigurationList = 868CB09B29414E88001F1B03 /* Build configuration list for PBXProject "GoAroundNewsApp" */;
			compatibilityVersion = "Xcode 14.0";
			developmentRegion = en;
			hasScannedForEncodings = 0;
			knownRegions = (
				en,
				Base,
			);
			mainGroup = 868CB09729414E88001F1B03;
			packageReferences = (
				868CB0D929423947001F1B03 /* XCRemoteSwiftPackageReference "Alamofire" */,
			);
			productRefGroup = 868CB0A129414E88001F1B03 /* Products */;
			projectDirPath = "";
			projectRoot = "";
			targets = (
				868CB09F29414E88001F1B03 /* GoAroundNewsApp */,
				868CB0AF29414E93001F1B03 /* GoAroundNewsAppTests */,
			);
		};
/* End PBXProject section */

/* Begin PBXResourcesBuildPhase section */
		868CB09E29414E88001F1B03 /* Resources */ = {
			isa = PBXResourcesBuildPhase;
			buildActionMask = 2147483647;
			files = (
				868CB0AB29414E92001F1B03 /* Preview Assets.xcassets in Resources */,
				868CB0A829414E92001F1B03 /* Assets.xcassets in Resources */,
			);
			runOnlyForDeploymentPostprocessing = 0;
		};
		868CB0AE29414E93001F1B03 /* Resources */ = {
			isa = PBXResourcesBuildPhase;
			buildActionMask = 2147483647;
			files = (
			);
			runOnlyForDeploymentPostprocessing = 0;
		};
/* End PBXResourcesBuildPhase section */

/* Begin PBXSourcesBuildPhase section */
		868CB09C29414E88001F1B03 /* Sources */ = {
			isa = PBXSourcesBuildPhase;
			buildActionMask = 2147483647;
			files = (
				868CB0EB29423E46001F1B03 /* User.swift in Sources */,
				868CB0E629423A0B001F1B03 /* NetworkService.swift in Sources */,
				86B8F40A2953ABB900BE5DFA /* CountryListView.swift in Sources */,
				86BBC9542943EDB300D2E51E /* ViewState.swift in Sources */,
				86BBC96D294BD72C00D2E51E /* NewsViewModel.swift in Sources */,
				860EF569295FB032003E7E53 /* NoDataPlaceholderView.swift in Sources */,
				86EFF739295E192A002FD8A8 /* View+extension.swift in Sources */,
				86BBC9562943F51A00D2E51E /* LocalStorage.swift in Sources */,
				868CB0D829422392001F1B03 /* String+extension.swift in Sources */,
				86B8F4282954F15400BE5DFA /* SearchNewsView.swift in Sources */,
				868CB0CE29415061001F1B03 /* LoginView.swift in Sources */,
				868CB0D0294150BF001F1B03 /* FormFieldView.swift in Sources */,
				86EFF73B295E2363002FD8A8 /* Datastore.swift in Sources */,
				868CB0A629414E88001F1B03 /* ContentView.swift in Sources */,
				868CB0F529434C81001F1B03 /* LoadingAnimationView.swift in Sources */,
				868CB0F12942565B001F1B03 /* Credential.swift in Sources */,
				86B8F41F2954D75E00BE5DFA /* SafariView.swift in Sources */,
				86EFF73729579E00002FD8A8 /* ProfileViewModel.swift in Sources */,
				868CB0E829423A1E001F1B03 /* URLRequestBuilder.swift in Sources */,
				868CB0D229415156001F1B03 /* SolidButton.swift in Sources */,
				868CB0ED29423EDC001F1B03 /* SuccessResponse.swift in Sources */,
				86BBC9672947A5A100D2E51E /* SignUpViewModel.swift in Sources */,
				86C1340E2943D890004E5C2B /* ServiceError.swift in Sources */,
				86EFF73529579D3C002FD8A8 /* ChangePasswordView.swift in Sources */,
				868CB0E4294239FB001F1B03 /* AppEnvironment.swift in Sources */,
				868CB0EF29423EE7001F1B03 /* FailureResponse.swift in Sources */,
				86BBC9582943F69400D2E51E /* Auth.swift in Sources */,
				868CB0D4294151BF001F1B03 /* ColorSet.swift in Sources */,
				86B8F4212954E20200BE5DFA /* BottomTabBarView.swift in Sources */,
				868CB0A429414E88001F1B03 /* GoAroundNewsAppApp.swift in Sources */,
				86B8F40E2953AC0300BE5DFA /* CategoryView.swift in Sources */,
				860EF56B295FB1CD003E7E53 /* RetryView.swift in Sources */,
				86B8F4192953B66000BE5DFA /* NewsRowView.swift in Sources */,
				868CB0E2294239ED001F1B03 /* API.swift in Sources */,
				86BBC96929490D4B00D2E51E /* NewsView.swift in Sources */,
				86B8F4232954E27900BE5DFA /* ProfileView.swift in Sources */,
				86B8F4252954E28E00BE5DFA /* BookmarkView.swift in Sources */,
				86B8F4102953AC2E00BE5DFA /* TitleBarView.swift in Sources */,
				86B8F40C2953ABDD00BE5DFA /* SearchBarView.swift in Sources */,
				86B8F4122953B56600BE5DFA /* NewsCategory.swift in Sources */,
				86BBC9652947A1CA00D2E51E /* SignupView.swift in Sources */,
				86B8F4142953B57C00BE5DFA /* NewsCountry.swift in Sources */,
				867509F7294F36ED003AF8F7 /* News.swift in Sources */,
				868CB0D6294151E8001F1B03 /* LoginViewModel.swift in Sources */,
			);
			runOnlyForDeploymentPostprocessing = 0;
		};
		868CB0AC29414E93001F1B03 /* Sources */ = {
			isa = PBXSourcesBuildPhase;
			buildActionMask = 2147483647;
			files = (
				86BBC95F2944B59800D2E51E /* MockNetworkService.swift in Sources */,
				86BBC9632944B85400D2E51E /* LoginAPITests.swift in Sources */,
				86BBC95A2944B4AF00D2E51E /* LoginValidationTests.swift in Sources */,
				868CB0B529414E93001F1B03 /* EmailValidationTests.swift in Sources */,
				86BBC9612944B6E400D2E51E /* OneTimeLoginTests.swift in Sources */,
			);
			runOnlyForDeploymentPostprocessing = 0;
		};
/* End PBXSourcesBuildPhase section */

/* Begin PBXTargetDependency section */
		868CB0B229414E93001F1B03 /* PBXTargetDependency */ = {
			isa = PBXTargetDependency;
			target = 868CB09F29414E88001F1B03 /* GoAroundNewsApp */;
			targetProxy = 868CB0B129414E93001F1B03 /* PBXContainerItemProxy */;
		};
/* End PBXTargetDependency section */

/* Begin XCBuildConfiguration section */
		868CB0C229414E93001F1B03 /* Debug */ = {
			isa = XCBuildConfiguration;
			buildSettings = {
				ALWAYS_SEARCH_USER_PATHS = NO;
				CLANG_ANALYZER_NONNULL = YES;
				CLANG_ANALYZER_NUMBER_OBJECT_CONVERSION = YES_AGGRESSIVE;
				CLANG_CXX_LANGUAGE_STANDARD = "gnu++20";
				CLANG_ENABLE_MODULES = YES;
				CLANG_ENABLE_OBJC_ARC = YES;
				CLANG_ENABLE_OBJC_WEAK = YES;
				CLANG_WARN_BLOCK_CAPTURE_AUTORELEASING = YES;
				CLANG_WARN_BOOL_CONVERSION = YES;
				CLANG_WARN_COMMA = YES;
				CLANG_WARN_CONSTANT_CONVERSION = YES;
				CLANG_WARN_DEPRECATED_OBJC_IMPLEMENTATIONS = YES;
				CLANG_WARN_DIRECT_OBJC_ISA_USAGE = YES_ERROR;
				CLANG_WARN_DOCUMENTATION_COMMENTS = YES;
				CLANG_WARN_EMPTY_BODY = YES;
				CLANG_WARN_ENUM_CONVERSION = YES;
				CLANG_WARN_INFINITE_RECURSION = YES;
				CLANG_WARN_INT_CONVERSION = YES;
				CLANG_WARN_NON_LITERAL_NULL_CONVERSION = YES;
				CLANG_WARN_OBJC_IMPLICIT_RETAIN_SELF = YES;
				CLANG_WARN_OBJC_LITERAL_CONVERSION = YES;
				CLANG_WARN_OBJC_ROOT_CLASS = YES_ERROR;
				CLANG_WARN_QUOTED_INCLUDE_IN_FRAMEWORK_HEADER = YES;
				CLANG_WARN_RANGE_LOOP_ANALYSIS = YES;
				CLANG_WARN_STRICT_PROTOTYPES = YES;
				CLANG_WARN_SUSPICIOUS_MOVE = YES;
				CLANG_WARN_UNGUARDED_AVAILABILITY = YES_AGGRESSIVE;
				CLANG_WARN_UNREACHABLE_CODE = YES;
				CLANG_WARN__DUPLICATE_METHOD_MATCH = YES;
				COPY_PHASE_STRIP = NO;
				DEBUG_INFORMATION_FORMAT = dwarf;
				ENABLE_STRICT_OBJC_MSGSEND = YES;
				ENABLE_TESTABILITY = YES;
				GCC_C_LANGUAGE_STANDARD = gnu11;
				GCC_DYNAMIC_NO_PIC = NO;
				GCC_NO_COMMON_BLOCKS = YES;
				GCC_OPTIMIZATION_LEVEL = 0;
				GCC_PREPROCESSOR_DEFINITIONS = (
					"DEBUG=1",
					"$(inherited)",
				);
				GCC_WARN_64_TO_32_BIT_CONVERSION = YES;
				GCC_WARN_ABOUT_RETURN_TYPE = YES_ERROR;
				GCC_WARN_UNDECLARED_SELECTOR = YES;
				GCC_WARN_UNINITIALIZED_AUTOS = YES_AGGRESSIVE;
				GCC_WARN_UNUSED_FUNCTION = YES;
				GCC_WARN_UNUSED_VARIABLE = YES;
				IPHONEOS_DEPLOYMENT_TARGET = 16.1;
				MTL_ENABLE_DEBUG_INFO = INCLUDE_SOURCE;
				MTL_FAST_MATH = YES;
				ONLY_ACTIVE_ARCH = YES;
				SDKROOT = iphoneos;
				SWIFT_ACTIVE_COMPILATION_CONDITIONS = DEBUG;
				SWIFT_OPTIMIZATION_LEVEL = "-Onone";
			};
			name = Debug;
		};
		868CB0C329414E93001F1B03 /* Release */ = {
			isa = XCBuildConfiguration;
			buildSettings = {
				ALWAYS_SEARCH_USER_PATHS = NO;
				CLANG_ANALYZER_NONNULL = YES;
				CLANG_ANALYZER_NUMBER_OBJECT_CONVERSION = YES_AGGRESSIVE;
				CLANG_CXX_LANGUAGE_STANDARD = "gnu++20";
				CLANG_ENABLE_MODULES = YES;
				CLANG_ENABLE_OBJC_ARC = YES;
				CLANG_ENABLE_OBJC_WEAK = YES;
				CLANG_WARN_BLOCK_CAPTURE_AUTORELEASING = YES;
				CLANG_WARN_BOOL_CONVERSION = YES;
				CLANG_WARN_COMMA = YES;
				CLANG_WARN_CONSTANT_CONVERSION = YES;
				CLANG_WARN_DEPRECATED_OBJC_IMPLEMENTATIONS = YES;
				CLANG_WARN_DIRECT_OBJC_ISA_USAGE = YES_ERROR;
				CLANG_WARN_DOCUMENTATION_COMMENTS = YES;
				CLANG_WARN_EMPTY_BODY = YES;
				CLANG_WARN_ENUM_CONVERSION = YES;
				CLANG_WARN_INFINITE_RECURSION = YES;
				CLANG_WARN_INT_CONVERSION = YES;
				CLANG_WARN_NON_LITERAL_NULL_CONVERSION = YES;
				CLANG_WARN_OBJC_IMPLICIT_RETAIN_SELF = YES;
				CLANG_WARN_OBJC_LITERAL_CONVERSION = YES;
				CLANG_WARN_OBJC_ROOT_CLASS = YES_ERROR;
				CLANG_WARN_QUOTED_INCLUDE_IN_FRAMEWORK_HEADER = YES;
				CLANG_WARN_RANGE_LOOP_ANALYSIS = YES;
				CLANG_WARN_STRICT_PROTOTYPES = YES;
				CLANG_WARN_SUSPICIOUS_MOVE = YES;
				CLANG_WARN_UNGUARDED_AVAILABILITY = YES_AGGRESSIVE;
				CLANG_WARN_UNREACHABLE_CODE = YES;
				CLANG_WARN__DUPLICATE_METHOD_MATCH = YES;
				COPY_PHASE_STRIP = NO;
				DEBUG_INFORMATION_FORMAT = "dwarf-with-dsym";
				ENABLE_NS_ASSERTIONS = NO;
				ENABLE_STRICT_OBJC_MSGSEND = YES;
				GCC_C_LANGUAGE_STANDARD = gnu11;
				GCC_NO_COMMON_BLOCKS = YES;
				GCC_WARN_64_TO_32_BIT_CONVERSION = YES;
				GCC_WARN_ABOUT_RETURN_TYPE = YES_ERROR;
				GCC_WARN_UNDECLARED_SELECTOR = YES;
				GCC_WARN_UNINITIALIZED_AUTOS = YES_AGGRESSIVE;
				GCC_WARN_UNUSED_FUNCTION = YES;
				GCC_WARN_UNUSED_VARIABLE = YES;
				IPHONEOS_DEPLOYMENT_TARGET = 16.1;
				MTL_ENABLE_DEBUG_INFO = NO;
				MTL_FAST_MATH = YES;
				SDKROOT = iphoneos;
				SWIFT_COMPILATION_MODE = wholemodule;
				SWIFT_OPTIMIZATION_LEVEL = "-O";
				VALIDATE_PRODUCT = YES;
			};
			name = Release;
		};
		868CB0C529414E93001F1B03 /* Debug */ = {
			isa = XCBuildConfiguration;
			buildSettings = {
				ASSETCATALOG_COMPILER_APPICON_NAME = AppIcon;
				ASSETCATALOG_COMPILER_GLOBAL_ACCENT_COLOR_NAME = AccentColor;
				CODE_SIGN_STYLE = Automatic;
				CURRENT_PROJECT_VERSION = 1;
				DEVELOPMENT_ASSET_PATHS = "\"GoAroundNewsApp/Preview Content\"";
				DEVELOPMENT_TEAM = FA2SLC6S8Z;
				ENABLE_PREVIEWS = YES;
				GENERATE_INFOPLIST_FILE = YES;
				INFOPLIST_FILE = GoAroundNewsApp/Info.plist;
				INFOPLIST_KEY_UIApplicationSceneManifest_Generation = YES;
				INFOPLIST_KEY_UIApplicationSupportsIndirectInputEvents = YES;
				INFOPLIST_KEY_UILaunchScreen_Generation = YES;
				INFOPLIST_KEY_UISupportedInterfaceOrientations_iPad = "UIInterfaceOrientationPortrait UIInterfaceOrientationPortraitUpsideDown UIInterfaceOrientationLandscapeLeft UIInterfaceOrientationLandscapeRight";
				INFOPLIST_KEY_UISupportedInterfaceOrientations_iPhone = "UIInterfaceOrientationPortrait UIInterfaceOrientationLandscapeLeft UIInterfaceOrientationLandscapeRight";
				LD_RUNPATH_SEARCH_PATHS = (
					"$(inherited)",
					"@executable_path/Frameworks",
				);
				MARKETING_VERSION = 1.0;
				PRODUCT_BUNDLE_IDENTIFIER = com.dyana.GoAroundNewsApp;
				PRODUCT_NAME = "$(TARGET_NAME)";
				SWIFT_EMIT_LOC_STRINGS = YES;
				SWIFT_VERSION = 5.0;
				TARGETED_DEVICE_FAMILY = "1,2";
			};
			name = Debug;
		};
		868CB0C629414E93001F1B03 /* Release */ = {
			isa = XCBuildConfiguration;
			buildSettings = {
				ASSETCATALOG_COMPILER_APPICON_NAME = AppIcon;
				ASSETCATALOG_COMPILER_GLOBAL_ACCENT_COLOR_NAME = AccentColor;
				CODE_SIGN_STYLE = Automatic;
				CURRENT_PROJECT_VERSION = 1;
				DEVELOPMENT_ASSET_PATHS = "\"GoAroundNewsApp/Preview Content\"";
				DEVELOPMENT_TEAM = FA2SLC6S8Z;
				ENABLE_PREVIEWS = YES;
				GENERATE_INFOPLIST_FILE = YES;
				INFOPLIST_FILE = GoAroundNewsApp/Info.plist;
				INFOPLIST_KEY_UIApplicationSceneManifest_Generation = YES;
				INFOPLIST_KEY_UIApplicationSupportsIndirectInputEvents = YES;
				INFOPLIST_KEY_UILaunchScreen_Generation = YES;
				INFOPLIST_KEY_UISupportedInterfaceOrientations_iPad = "UIInterfaceOrientationPortrait UIInterfaceOrientationPortraitUpsideDown UIInterfaceOrientationLandscapeLeft UIInterfaceOrientationLandscapeRight";
				INFOPLIST_KEY_UISupportedInterfaceOrientations_iPhone = "UIInterfaceOrientationPortrait UIInterfaceOrientationLandscapeLeft UIInterfaceOrientationLandscapeRight";
				LD_RUNPATH_SEARCH_PATHS = (
					"$(inherited)",
					"@executable_path/Frameworks",
				);
				MARKETING_VERSION = 1.0;
				PRODUCT_BUNDLE_IDENTIFIER = com.dyana.GoAroundNewsApp;
				PRODUCT_NAME = "$(TARGET_NAME)";
				SWIFT_EMIT_LOC_STRINGS = YES;
				SWIFT_VERSION = 5.0;
				TARGETED_DEVICE_FAMILY = "1,2";
			};
			name = Release;
		};
		868CB0C829414E93001F1B03 /* Debug */ = {
			isa = XCBuildConfiguration;
			buildSettings = {
				ALWAYS_EMBED_SWIFT_STANDARD_LIBRARIES = YES;
				BUNDLE_LOADER = "$(TEST_HOST)";
				CODE_SIGN_STYLE = Automatic;
				CURRENT_PROJECT_VERSION = 1;
				DEVELOPMENT_TEAM = FA2SLC6S8Z;
				GENERATE_INFOPLIST_FILE = YES;
				IPHONEOS_DEPLOYMENT_TARGET = 16.1;
				MARKETING_VERSION = 1.0;
				PRODUCT_BUNDLE_IDENTIFIER = com.dyana.GoAroundNewsAppTests;
				PRODUCT_NAME = "$(TARGET_NAME)";
				SWIFT_EMIT_LOC_STRINGS = NO;
				SWIFT_VERSION = 5.0;
				TARGETED_DEVICE_FAMILY = "1,2";
				TEST_HOST = "$(BUILT_PRODUCTS_DIR)/GoAroundNewsApp.app/$(BUNDLE_EXECUTABLE_FOLDER_PATH)/GoAroundNewsApp";
			};
			name = Debug;
		};
		868CB0C929414E93001F1B03 /* Release */ = {
			isa = XCBuildConfiguration;
			buildSettings = {
				ALWAYS_EMBED_SWIFT_STANDARD_LIBRARIES = YES;
				BUNDLE_LOADER = "$(TEST_HOST)";
				CODE_SIGN_STYLE = Automatic;
				CURRENT_PROJECT_VERSION = 1;
				DEVELOPMENT_TEAM = FA2SLC6S8Z;
				GENERATE_INFOPLIST_FILE = YES;
				IPHONEOS_DEPLOYMENT_TARGET = 16.1;
				MARKETING_VERSION = 1.0;
				PRODUCT_BUNDLE_IDENTIFIER = com.dyana.GoAroundNewsAppTests;
				PRODUCT_NAME = "$(TARGET_NAME)";
				SWIFT_EMIT_LOC_STRINGS = NO;
				SWIFT_VERSION = 5.0;
				TARGETED_DEVICE_FAMILY = "1,2";
				TEST_HOST = "$(BUILT_PRODUCTS_DIR)/GoAroundNewsApp.app/$(BUNDLE_EXECUTABLE_FOLDER_PATH)/GoAroundNewsApp";
			};
			name = Release;
		};
/* End XCBuildConfiguration section */

/* Begin XCConfigurationList section */
		868CB09B29414E88001F1B03 /* Build configuration list for PBXProject "GoAroundNewsApp" */ = {
			isa = XCConfigurationList;
			buildConfigurations = (
				868CB0C229414E93001F1B03 /* Debug */,
				868CB0C329414E93001F1B03 /* Release */,
			);
			defaultConfigurationIsVisible = 0;
			defaultConfigurationName = Release;
		};
		868CB0C429414E93001F1B03 /* Build configuration list for PBXNativeTarget "GoAroundNewsApp" */ = {
			isa = XCConfigurationList;
			buildConfigurations = (
				868CB0C529414E93001F1B03 /* Debug */,
				868CB0C629414E93001F1B03 /* Release */,
			);
			defaultConfigurationIsVisible = 0;
			defaultConfigurationName = Release;
		};
		868CB0C729414E93001F1B03 /* Build configuration list for PBXNativeTarget "GoAroundNewsAppTests" */ = {
			isa = XCConfigurationList;
			buildConfigurations = (
				868CB0C829414E93001F1B03 /* Debug */,
				868CB0C929414E93001F1B03 /* Release */,
			);
			defaultConfigurationIsVisible = 0;
			defaultConfigurationName = Release;
		};
/* End XCConfigurationList section */

/* Begin XCRemoteSwiftPackageReference section */
		868CB0D929423947001F1B03 /* XCRemoteSwiftPackageReference "Alamofire" */ = {
			isa = XCRemoteSwiftPackageReference;
			repositoryURL = "https://github.com/Alamofire/Alamofire.git";
			requirement = {
				kind = upToNextMajorVersion;
				minimumVersion = 5.6.1;
			};
		};
/* End XCRemoteSwiftPackageReference section */

/* Begin XCSwiftPackageProductDependency section */
		868CB0DA29423947001F1B03 /* Alamofire */ = {
			isa = XCSwiftPackageProductDependency;
			package = 868CB0D929423947001F1B03 /* XCRemoteSwiftPackageReference "Alamofire" */;
			productName = Alamofire;
		};
/* End XCSwiftPackageProductDependency section */
	};
	rootObject = 868CB09829414E88001F1B03 /* Project object */;
}
